Microsoft Visual Studio Solution File, Format Version 12.00
# Visual Studio Version 17
VisualStudioVersion = 17.5.2.0
MinimumVisualStudioVersion = 10.0.40219.1
Project("{FAE04EC0-301F-11D3-BF4B-00C04F79EFBC}") = "Arraylist_vs_List_T", "Arraylist_vs_List_T.csproj", "{A336DF70-C585-3193-5CDB-B55356566492}"
EndProject
Global
	GlobalSection(SolutionConfigurationPlatforms) = preSolution
		Debug|Any CPU = Debug|Any CPU
		Release|Any CPU = Release|Any CPU
	EndGlobalSection
	GlobalSection(ProjectConfigurationPlatforms) = postSolution
		{A336DF70-C585-3193-5CDB-B55356566492}.Debug|Any CPU.ActiveCfg = Debug|Any CPU
		{A336DF70-C585-3193-5CDB-B55356566492}.Debug|Any CPU.Build.0 = Debug|Any CPU
		{A336DF70-C585-3193-5CDB-B55356566492}.Release|Any CPU.ActiveCfg = Release|Any CPU
		{A336DF70-C585-3193-5CDB-B55356566492}.Release|Any CPU.Build.0 = Release|Any CPU
	EndGlobalSection
	GlobalSection(SolutionProperties) = preSolution
		HideSolutionNode = FALSE
	EndGlobalSection
	GlobalSection(ExtensibilityGlobals) = postSolution
		SolutionGuid = {5E004B64-4115-4DD4-87EE-B3B01708373F}
	EndGlobalSection
EndGlobal
